<?xml version="1.0" encoding="utf-8"?>
<Project ToolsVersion="4.0" xmlns="http://schemas.microsoft.com/developer/msbuild/2003">
  <ItemGroup>
    <Filter Include="소스 파일">
      <UniqueIdentifier>{4FC737F1-C7A5-4376-A066-2A32D752A2FF}</UniqueIdentifier>
      <Extensions>cpp;c;cc;cxx;c++;cppm;ixx;def;odl;idl;hpj;bat;asm;asmx</Extensions>
    </Filter>
    <Filter Include="헤더 파일">
      <UniqueIdentifier>{93995380-89BD-4b04-88EB-625FBE52EBFB}</UniqueIdentifier>
      <Extensions>h;hh;hpp;hxx;h++;hm;inl;inc;ipp;xsd</Extensions>
    </Filter>
    <Filter Include="리소스 파일">
      <UniqueIdentifier>{67DA6AB6-F800-4c08-8B7A-83BB121AAD01}</UniqueIdentifier>
      <Extensions>rc;ico;cur;bmp;dlg;rc2;rct;bin;rgs;gif;jpg;jpeg;jpe;resx;tiff;tif;png;wav;mfcribbon-ms</Extensions>
    </Filter>
    <Filter Include="test_printLog">
      <UniqueIdentifier>{19a65d4f-160f-4e0e-8aa7-b650d10d678f}</UniqueIdentifier>
    </Filter>
    <Filter Include="test_useSkill">
      <UniqueIdentifier>{4d183fb1-0869-4f58-88d0-24034297e3f4}</UniqueIdentifier>
    </Filter>
  </ItemGroup>
  <ItemGroup>
    <ClInclude Include="test_printLog\test_printLog.h">
      <Filter>test_printLog</Filter>
    </ClInclude>
    <ClInclude Include="test_useSkill.h">
      <Filter>test_useSkill</Filter>
    </ClInclude>
  </ItemGroup>
  <ItemGroup>
    <ClCompile Include="test_printLog\test_printLog.c">
      <Filter>test_printLog</Filter>
    </ClCompile>
    <ClCompile Include="test_useSkill.c">
      <Filter>test_useSkill</Filter>
    </ClCompile>
    <ClCompile Include="test_main.c">
      <Filter>test_useSkill</Filter>
    </ClCompile>
  </ItemGroup>
</Project>