<?xml version="1.0" encoding="utf-8"?>
<Project ToolsVersion="4.0" xmlns="http://schemas.microsoft.com/developer/msbuild/2003">
  <ItemGroup>
    <Filter Include="소스 파일">
      <UniqueIdentifier>{4FC737F1-C7A5-4376-A066-2A32D752A2FF}</UniqueIdentifier>
      <Extensions>cpp;c;cc;cxx;c++;cppm;ixx;def;odl;idl;hpj;bat;asm;asmx</Extensions>
    </Filter>
    <Filter Include="헤더 파일">
      <UniqueIdentifier>{93995380-89BD-4b04-88EB-625FBE52EBFB}</UniqueIdentifier>
      <Extensions>h;hh;hpp;hxx;h++;hm;inl;inc;ipp;xsd</Extensions>
    </Filter>
    <Filter Include="리소스 파일">
      <UniqueIdentifier>{67DA6AB6-F800-4c08-8B7A-83BB121AAD01}</UniqueIdentifier>
      <Extensions>rc;ico;cur;bmp;dlg;rc2;rct;bin;rgs;gif;jpg;jpeg;jpe;resx;tiff;tif;png;wav;mfcribbon-ms</Extensions>
    </Filter>
    <Filter Include="battle">
      <UniqueIdentifier>{4aa3bdbe-25dc-4200-8341-6b07e8ad8904}</UniqueIdentifier>
    </Filter>
    <Filter Include="battle\player">
      <UniqueIdentifier>{3b6c6bae-b008-41df-b10b-43429a4b8234}</UniqueIdentifier>
    </Filter>
    <Filter Include="battle\ui">
      <UniqueIdentifier>{03a853ae-25b2-4c07-921d-466506f46109}</UniqueIdentifier>
    </Filter>
    <Filter Include="battle\equip">
      <UniqueIdentifier>{c436b535-42d0-4c0f-90c0-a7daa565c62c}</UniqueIdentifier>
    </Filter>
    <Filter Include="battle\exp">
      <UniqueIdentifier>{4668956d-a6e5-4ed2-bfe8-0c068ea62d84}</UniqueIdentifier>
    </Filter>
    <Filter Include="battle\item">
      <UniqueIdentifier>{8791c1d6-725d-42fd-aecf-205f7ad98ce6}</UniqueIdentifier>
    </Filter>
    <Filter Include="battle\shuffle">
      <UniqueIdentifier>{44c5eee9-724a-48a6-85bf-0c81911b6185}</UniqueIdentifier>
    </Filter>
    <Filter Include="battle\skills">
      <UniqueIdentifier>{dd0ac511-a3e1-4e2d-9325-61ce046998cb}</UniqueIdentifier>
    </Filter>
    <Filter Include="battle\aibo">
      <UniqueIdentifier>{81ac9129-1f15-430d-af7b-183933105bb1}</UniqueIdentifier>
    </Filter>
    <Filter Include="battle\enemy">
      <UniqueIdentifier>{faccf6c1-5072-415b-a022-e2c875ebfd13}</UniqueIdentifier>
    </Filter>
    <Filter Include="battle\persona">
      <UniqueIdentifier>{8ffcacc8-2fba-4868-a8ee-f447453bd96d}</UniqueIdentifier>
    </Filter>
    <Filter Include="battle\status">
      <UniqueIdentifier>{25c390bd-bff1-4da7-8967-a4b64e77e55f}</UniqueIdentifier>
    </Filter>
    <Filter Include="battle\system">
      <UniqueIdentifier>{2c743f8f-c873-4205-8547-34f31b291061}</UniqueIdentifier>
    </Filter>
    <Filter Include="battle\system\advance">
      <UniqueIdentifier>{9155c1a2-05f1-40c3-ac3d-52fec18db12c}</UniqueIdentifier>
    </Filter>
    <Filter Include="battle\system\enemyTurn">
      <UniqueIdentifier>{2f22abee-89dc-4e73-912c-6bd8724e3a38}</UniqueIdentifier>
    </Filter>
    <Filter Include="battle\system\playerTurn">
      <UniqueIdentifier>{539f5172-7cd1-4e24-bbcb-6887bbf07c81}</UniqueIdentifier>
    </Filter>
    <Filter Include="battle\system\aiboTurn">
      <UniqueIdentifier>{9cf8e170-967e-4688-92b2-a38b2251bc3e}</UniqueIdentifier>
    </Filter>
    <Filter Include="battle\system\result">
      <UniqueIdentifier>{818726d5-412c-4966-bd1d-8f65a212e803}</UniqueIdentifier>
    </Filter>
  </ItemGroup>
  <ItemGroup>
    <ClCompile Include="battle\battle.c">
      <Filter>battle</Filter>
    </ClCompile>
    <ClCompile Include="battle\player\battle_player.c">
      <Filter>battle\player</Filter>
    </ClCompile>
    <ClCompile Include="battle\status\battle_status.c">
      <Filter>battle\status</Filter>
    </ClCompile>
    <ClCompile Include="battle\skills\battle_skills.c">
      <Filter>battle\skills</Filter>
    </ClCompile>
    <ClCompile Include="battle\persona\battle_persona.c">
      <Filter>battle\persona</Filter>
    </ClCompile>
    <ClCompile Include="battle\enemy\battle_enemy.c">
      <Filter>battle\enemy</Filter>
    </ClCompile>
    <ClCompile Include="battle\system\battle_system.c">
      <Filter>battle\system</Filter>
    </ClCompile>
  </ItemGroup>
  <ItemGroup>
    <ClInclude Include="battle\battle.h">
      <Filter>battle</Filter>
    </ClInclude>
    <ClInclude Include="battle\player\battle_player.h">
      <Filter>battle\player</Filter>
    </ClInclude>
    <ClInclude Include="battle\status\battle_status.h">
      <Filter>battle\status</Filter>
    </ClInclude>
    <ClInclude Include="battle\skills\battle_skills.h">
      <Filter>battle\skills</Filter>
    </ClInclude>
    <ClInclude Include="battle\persona\battle_persona.h">
      <Filter>battle\persona</Filter>
    </ClInclude>
    <ClInclude Include="battle\enemy\battle_enemy.h">
      <Filter>battle\enemy</Filter>
    </ClInclude>
    <ClInclude Include="battle\system\battle_system.h">
      <Filter>battle\system</Filter>
    </ClInclude>
  </ItemGroup>
</Project>